
Microsoft Visual Studio Solution File, Format Version 12.00
# Visual Studio 15
VisualStudioVersion = 15.0.25807.0
MinimumVisualStudioVersion = 10.0.40219.1
Project("{2150E333-8FDC-42A3-9474-1A3956D46DE8}") = "Engine", "Engine", "{BAADC0D5-59B1-4D41-81FD-BAB43591027F}"
EndProject
Project("{2150E333-8FDC-42A3-9474-1A3956D46DE8}") = "Games", "Games", "{3F846AB7-0653-4CAF-9AC3-432F634B3B7B}"
EndProject
Project("{8BC9CEB8-8B4A-11D0-8D11-00A0C91BC942}") = "UE4", "Intermediate\ProjectFiles\UE4.vcxproj", "{D5A7BE86-C852-4A4E-A32D-0CA55D26B53F}"
EndProject
Project("{8BC9CEB8-8B4A-11D0-8D11-00A0C91BC942}") = "BuildingEscape.uproject", "Intermediate\ProjectFiles\BuildingEscape.uproject.vcxproj", "{16150531-22FE-48AC-8C47-72CE3F04AF43}"
EndProject
Project("{2150E333-8FDC-42A3-9474-1A3956D46DE8}") = "Visualizers", "Visualizers", "{A26A3CD9-D813-4FA0-8244-097DF0094ACC}"
	ProjectSection(SolutionItems) = preProject
		..\..\..\..\..\..\Program Files\Epic Games\UE_4.21\Engine\Extras\VisualStudioDebugging\UE4.natvis = ..\..\..\..\..\..\Program Files\Epic Games\UE_4.21\Engine\Extras\VisualStudioDebugging\UE4.natvis
	EndProjectSection
EndProject
Global
	GlobalSection(SolutionConfigurationPlatforms) = preSolution
		DebugGame Editor|HTML5 = DebugGame Editor|HTML5
		DebugGame Editor|Win32 = DebugGame Editor|Win32
		DebugGame Editor|Win64 = DebugGame Editor|Win64
		DebugGame|HTML5 = DebugGame|HTML5
		DebugGame|Win32 = DebugGame|Win32
		DebugGame|Win64 = DebugGame|Win64
		Development Editor|HTML5 = Development Editor|HTML5
		Development Editor|Win32 = Development Editor|Win32
		Development Editor|Win64 = Development Editor|Win64
		Development|HTML5 = Development|HTML5
		Development|Win32 = Development|Win32
		Development|Win64 = Development|Win64
		Shipping|HTML5 = Shipping|HTML5
		Shipping|Win32 = Shipping|Win32
		Shipping|Win64 = Shipping|Win64
	EndGlobalSection
	GlobalSection(ProjectConfigurationPlatforms) = postSolution
		{D5A7BE86-C852-4A4E-A32D-0CA55D26B53F}.DebugGame Editor|HTML5.ActiveCfg = BuiltWithUnrealBuildTool|Win32
		{D5A7BE86-C852-4A4E-A32D-0CA55D26B53F}.DebugGame Editor|Win32.ActiveCfg = BuiltWithUnrealBuildTool|Win32
		{D5A7BE86-C852-4A4E-A32D-0CA55D26B53F}.DebugGame Editor|Win64.ActiveCfg = BuiltWithUnrealBuildTool|Win32
		{D5A7BE86-C852-4A4E-A32D-0CA55D26B53F}.DebugGame|HTML5.ActiveCfg = BuiltWithUnrealBuildTool|Win32
		{D5A7BE86-C852-4A4E-A32D-0CA55D26B53F}.DebugGame|Win32.ActiveCfg = BuiltWithUnrealBuildTool|Win32
		{D5A7BE86-C852-4A4E-A32D-0CA55D26B53F}.DebugGame|Win64.ActiveCfg = BuiltWithUnrealBuildTool|Win32
		{D5A7BE86-C852-4A4E-A32D-0CA55D26B53F}.Development Editor|HTML5.ActiveCfg = BuiltWithUnrealBuildTool|Win32
		{D5A7BE86-C852-4A4E-A32D-0CA55D26B53F}.Development Editor|Win32.ActiveCfg = BuiltWithUnrealBuildTool|Win32
		{D5A7BE86-C852-4A4E-A32D-0CA55D26B53F}.Development Editor|Win64.ActiveCfg = BuiltWithUnrealBuildTool|Win32
		{D5A7BE86-C852-4A4E-A32D-0CA55D26B53F}.Development|HTML5.ActiveCfg = BuiltWithUnrealBuildTool|Win32
		{D5A7BE86-C852-4A4E-A32D-0CA55D26B53F}.Development|Win32.ActiveCfg = BuiltWithUnrealBuildTool|Win32
		{D5A7BE86-C852-4A4E-A32D-0CA55D26B53F}.Development|Win64.ActiveCfg = BuiltWithUnrealBuildTool|Win32
		{D5A7BE86-C852-4A4E-A32D-0CA55D26B53F}.Shipping|HTML5.ActiveCfg = BuiltWithUnrealBuildTool|Win32
		{D5A7BE86-C852-4A4E-A32D-0CA55D26B53F}.Shipping|Win32.ActiveCfg = BuiltWithUnrealBuildTool|Win32
		{D5A7BE86-C852-4A4E-A32D-0CA55D26B53F}.Shipping|Win64.ActiveCfg = BuiltWithUnrealBuildTool|Win32
		{16150531-22FE-48AC-8C47-72CE3F04AF43}.DebugGame Editor|HTML5.ActiveCfg = Invalid|Win32
		{16150531-22FE-48AC-8C47-72CE3F04AF43}.DebugGame Editor|Win32.ActiveCfg = Invalid|Win32
		{16150531-22FE-48AC-8C47-72CE3F04AF43}.DebugGame Editor|Win64.ActiveCfg = DebugGame_Editor|x64
		{16150531-22FE-48AC-8C47-72CE3F04AF43}.DebugGame Editor|Win64.Build.0 = DebugGame_Editor|x64
		{16150531-22FE-48AC-8C47-72CE3F04AF43}.DebugGame|HTML5.ActiveCfg = HTML5_DebugGame|Win32
		{16150531-22FE-48AC-8C47-72CE3F04AF43}.DebugGame|HTML5.Build.0 = HTML5_DebugGame|Win32
		{16150531-22FE-48AC-8C47-72CE3F04AF43}.DebugGame|Win32.ActiveCfg = DebugGame|Win32
		{16150531-22FE-48AC-8C47-72CE3F04AF43}.DebugGame|Win32.Build.0 = DebugGame|Win32
		{16150531-22FE-48AC-8C47-72CE3F04AF43}.DebugGame|Win64.ActiveCfg = DebugGame|x64
		{16150531-22FE-48AC-8C47-72CE3F04AF43}.DebugGame|Win64.Build.0 = DebugGame|x64
		{16150531-22FE-48AC-8C47-72CE3F04AF43}.Development Editor|HTML5.ActiveCfg = Invalid|Win32
		{16150531-22FE-48AC-8C47-72CE3F04AF43}.Development Editor|Win32.ActiveCfg = Invalid|Win32
		{16150531-22FE-48AC-8C47-72CE3F04AF43}.Development Editor|Win64.ActiveCfg = Development_Editor|x64
		{16150531-22FE-48AC-8C47-72CE3F04AF43}.Development Editor|Win64.Build.0 = Development_Editor|x64
		{16150531-22FE-48AC-8C47-72CE3F04AF43}.Development|HTML5.ActiveCfg = HTML5_Development|Win32
		{16150531-22FE-48AC-8C47-72CE3F04AF43}.Development|HTML5.Build.0 = HTML5_Development|Win32
		{16150531-22FE-48AC-8C47-72CE3F04AF43}.Development|Win32.ActiveCfg = Development|Win32
		{16150531-22FE-48AC-8C47-72CE3F04AF43}.Development|Win32.Build.0 = Development|Win32
		{16150531-22FE-48AC-8C47-72CE3F04AF43}.Development|Win64.ActiveCfg = Development|x64
		{16150531-22FE-48AC-8C47-72CE3F04AF43}.Development|Win64.Build.0 = Development|x64
		{16150531-22FE-48AC-8C47-72CE3F04AF43}.Shipping|HTML5.ActiveCfg = HTML5_Shipping|Win32
		{16150531-22FE-48AC-8C47-72CE3F04AF43}.Shipping|HTML5.Build.0 = HTML5_Shipping|Win32
		{16150531-22FE-48AC-8C47-72CE3F04AF43}.Shipping|Win32.ActiveCfg = Shipping|Win32
		{16150531-22FE-48AC-8C47-72CE3F04AF43}.Shipping|Win32.Build.0 = Shipping|Win32
		{16150531-22FE-48AC-8C47-72CE3F04AF43}.Shipping|Win64.ActiveCfg = Shipping|x64
		{16150531-22FE-48AC-8C47-72CE3F04AF43}.Shipping|Win64.Build.0 = Shipping|x64
	EndGlobalSection
	GlobalSection(SolutionProperties) = preSolution
		HideSolutionNode = FALSE
	EndGlobalSection
	GlobalSection(NestedProjects) = preSolution
		{D5A7BE86-C852-4A4E-A32D-0CA55D26B53F} = {BAADC0D5-59B1-4D41-81FD-BAB43591027F}
		{16150531-22FE-48AC-8C47-72CE3F04AF43} = {3F846AB7-0653-4CAF-9AC3-432F634B3B7B}
	EndGlobalSection
EndGlobal
