
Microsoft Visual Studio Solution File, Format Version 12.00
# Visual Studio 15
VisualStudioVersion = 15.0.25807.0
MinimumVisualStudioVersion = 10.0.40219.1
Project("{2150E333-8FDC-42A3-9474-1A3956D46DE8}") = "Engine", "Engine", "{2376DCAC-E8D6-49C7-918A-03FF1CD3B945}"
EndProject
Project("{2150E333-8FDC-42A3-9474-1A3956D46DE8}") = "Games", "Games", "{DB8B88FE-977A-449E-8EB6-534DF86B34D8}"
EndProject
Project("{8BC9CEB8-8B4A-11D0-8D11-00A0C91BC942}") = "UE4", "Intermediate\ProjectFiles\UE4.vcxproj", "{E6BDFDA3-F497-42A1-9837-349E901D11C2}"
EndProject
Project("{8BC9CEB8-8B4A-11D0-8D11-00A0C91BC942}") = "BuildingEscape", "Intermediate\ProjectFiles\BuildingEscape.vcxproj", "{68F0D0D6-FB19-4B52-AAA0-6F411FD5321B}"
EndProject
Project("{2150E333-8FDC-42A3-9474-1A3956D46DE8}") = "Visualizers", "Visualizers", "{F22B2265-B061-4356-96FB-270BA327ADA3}"
	ProjectSection(SolutionItems) = preProject
		..\..\..\..\..\..\Program Files\Epic Games\UE_4.21\Engine\Extras\VisualStudioDebugging\UE4.natvis = ..\..\..\..\..\..\Program Files\Epic Games\UE_4.21\Engine\Extras\VisualStudioDebugging\UE4.natvis
	EndProjectSection
EndProject
Global
	GlobalSection(SolutionConfigurationPlatforms) = preSolution
		Debug|HTML5 = Debug|HTML5
		Debug|Win32 = Debug|Win32
		Debug|Win64 = Debug|Win64
		Debug|x64 = Debug|x64
		DebugGame Editor|HTML5 = DebugGame Editor|HTML5
		DebugGame Editor|Win32 = DebugGame Editor|Win32
		DebugGame Editor|Win64 = DebugGame Editor|Win64
		DebugGame Editor|x64 = DebugGame Editor|x64
		DebugGame|HTML5 = DebugGame|HTML5
		DebugGame|Win32 = DebugGame|Win32
		DebugGame|Win64 = DebugGame|Win64
		DebugGame|x64 = DebugGame|x64
		Development Editor|HTML5 = Development Editor|HTML5
		Development Editor|Win32 = Development Editor|Win32
		Development Editor|Win64 = Development Editor|Win64
		Development Editor|x64 = Development Editor|x64
		Development|HTML5 = Development|HTML5
		Development|Win32 = Development|Win32
		Development|Win64 = Development|Win64
		Development|x64 = Development|x64
		Release|HTML5 = Release|HTML5
		Release|Win32 = Release|Win32
		Release|Win64 = Release|Win64
		Release|x64 = Release|x64
		Shipping|HTML5 = Shipping|HTML5
		Shipping|Win32 = Shipping|Win32
		Shipping|Win64 = Shipping|Win64
		Shipping|x64 = Shipping|x64
	EndGlobalSection
	GlobalSection(ProjectConfigurationPlatforms) = postSolution
		{E6BDFDA3-F497-42A1-9837-349E901D11C2}.Debug|HTML5.ActiveCfg = BuiltWithUnrealBuildTool|Win32
		{E6BDFDA3-F497-42A1-9837-349E901D11C2}.Debug|Win32.ActiveCfg = BuiltWithUnrealBuildTool|Win32
		{E6BDFDA3-F497-42A1-9837-349E901D11C2}.Debug|Win64.ActiveCfg = BuiltWithUnrealBuildTool|Win32
		{E6BDFDA3-F497-42A1-9837-349E901D11C2}.Debug|x64.ActiveCfg = BuiltWithUnrealBuildTool|Win32
		{E6BDFDA3-F497-42A1-9837-349E901D11C2}.DebugGame Editor|HTML5.ActiveCfg = BuiltWithUnrealBuildTool|Win32
		{E6BDFDA3-F497-42A1-9837-349E901D11C2}.DebugGame Editor|HTML5.Build.0 = BuiltWithUnrealBuildTool|Win32
		{E6BDFDA3-F497-42A1-9837-349E901D11C2}.DebugGame Editor|Win32.ActiveCfg = BuiltWithUnrealBuildTool|Win32
		{E6BDFDA3-F497-42A1-9837-349E901D11C2}.DebugGame Editor|Win64.ActiveCfg = BuiltWithUnrealBuildTool|Win32
		{E6BDFDA3-F497-42A1-9837-349E901D11C2}.DebugGame Editor|x64.ActiveCfg = BuiltWithUnrealBuildTool|Win32
		{E6BDFDA3-F497-42A1-9837-349E901D11C2}.DebugGame|HTML5.ActiveCfg = BuiltWithUnrealBuildTool|Win32
		{E6BDFDA3-F497-42A1-9837-349E901D11C2}.DebugGame|Win32.ActiveCfg = BuiltWithUnrealBuildTool|Win32
		{E6BDFDA3-F497-42A1-9837-349E901D11C2}.DebugGame|Win64.ActiveCfg = BuiltWithUnrealBuildTool|Win32
		{E6BDFDA3-F497-42A1-9837-349E901D11C2}.DebugGame|x64.ActiveCfg = BuiltWithUnrealBuildTool|Win32
		{E6BDFDA3-F497-42A1-9837-349E901D11C2}.Development Editor|HTML5.ActiveCfg = BuiltWithUnrealBuildTool|Win32
		{E6BDFDA3-F497-42A1-9837-349E901D11C2}.Development Editor|Win32.ActiveCfg = BuiltWithUnrealBuildTool|Win32
		{E6BDFDA3-F497-42A1-9837-349E901D11C2}.Development Editor|Win64.ActiveCfg = BuiltWithUnrealBuildTool|Win32
		{E6BDFDA3-F497-42A1-9837-349E901D11C2}.Development Editor|x64.ActiveCfg = BuiltWithUnrealBuildTool|Win32
		{E6BDFDA3-F497-42A1-9837-349E901D11C2}.Development|HTML5.ActiveCfg = BuiltWithUnrealBuildTool|Win32
		{E6BDFDA3-F497-42A1-9837-349E901D11C2}.Development|Win32.ActiveCfg = BuiltWithUnrealBuildTool|Win32
		{E6BDFDA3-F497-42A1-9837-349E901D11C2}.Development|Win64.ActiveCfg = BuiltWithUnrealBuildTool|Win32
		{E6BDFDA3-F497-42A1-9837-349E901D11C2}.Development|x64.ActiveCfg = BuiltWithUnrealBuildTool|Win32
		{E6BDFDA3-F497-42A1-9837-349E901D11C2}.Release|HTML5.ActiveCfg = BuiltWithUnrealBuildTool|Win32
		{E6BDFDA3-F497-42A1-9837-349E901D11C2}.Release|Win32.ActiveCfg = BuiltWithUnrealBuildTool|Win32
		{E6BDFDA3-F497-42A1-9837-349E901D11C2}.Release|Win64.ActiveCfg = BuiltWithUnrealBuildTool|Win32
		{E6BDFDA3-F497-42A1-9837-349E901D11C2}.Release|x64.ActiveCfg = BuiltWithUnrealBuildTool|Win32
		{E6BDFDA3-F497-42A1-9837-349E901D11C2}.Shipping|HTML5.ActiveCfg = BuiltWithUnrealBuildTool|Win32
		{E6BDFDA3-F497-42A1-9837-349E901D11C2}.Shipping|Win32.ActiveCfg = BuiltWithUnrealBuildTool|Win32
		{E6BDFDA3-F497-42A1-9837-349E901D11C2}.Shipping|Win64.ActiveCfg = BuiltWithUnrealBuildTool|Win32
		{E6BDFDA3-F497-42A1-9837-349E901D11C2}.Shipping|x64.ActiveCfg = BuiltWithUnrealBuildTool|Win32
		{68F0D0D6-FB19-4B52-AAA0-6F411FD5321B}.Debug|HTML5.ActiveCfg = Shipping|x64
		{68F0D0D6-FB19-4B52-AAA0-6F411FD5321B}.Debug|Win32.ActiveCfg = DebugGame|Win32
		{68F0D0D6-FB19-4B52-AAA0-6F411FD5321B}.Debug|Win64.ActiveCfg = Shipping|x64
		{68F0D0D6-FB19-4B52-AAA0-6F411FD5321B}.Debug|x64.ActiveCfg = DebugGame|x64
		{68F0D0D6-FB19-4B52-AAA0-6F411FD5321B}.DebugGame Editor|HTML5.ActiveCfg = Invalid|Win32
		{68F0D0D6-FB19-4B52-AAA0-6F411FD5321B}.DebugGame Editor|HTML5.Build.0 = Invalid|Win32
		{68F0D0D6-FB19-4B52-AAA0-6F411FD5321B}.DebugGame Editor|Win32.ActiveCfg = Invalid|Win32
		{68F0D0D6-FB19-4B52-AAA0-6F411FD5321B}.DebugGame Editor|Win64.ActiveCfg = DebugGame_Editor|x64
		{68F0D0D6-FB19-4B52-AAA0-6F411FD5321B}.DebugGame Editor|Win64.Build.0 = DebugGame_Editor|x64
		{68F0D0D6-FB19-4B52-AAA0-6F411FD5321B}.DebugGame Editor|x64.ActiveCfg = DebugGame|x64
		{68F0D0D6-FB19-4B52-AAA0-6F411FD5321B}.DebugGame|HTML5.ActiveCfg = HTML5_DebugGame|Win32
		{68F0D0D6-FB19-4B52-AAA0-6F411FD5321B}.DebugGame|HTML5.Build.0 = HTML5_DebugGame|Win32
		{68F0D0D6-FB19-4B52-AAA0-6F411FD5321B}.DebugGame|Win32.ActiveCfg = DebugGame|Win32
		{68F0D0D6-FB19-4B52-AAA0-6F411FD5321B}.DebugGame|Win32.Build.0 = DebugGame|Win32
		{68F0D0D6-FB19-4B52-AAA0-6F411FD5321B}.DebugGame|Win64.ActiveCfg = DebugGame|x64
		{68F0D0D6-FB19-4B52-AAA0-6F411FD5321B}.DebugGame|Win64.Build.0 = DebugGame|x64
		{68F0D0D6-FB19-4B52-AAA0-6F411FD5321B}.DebugGame|x64.ActiveCfg = DebugGame|x64
		{68F0D0D6-FB19-4B52-AAA0-6F411FD5321B}.Development Editor|HTML5.ActiveCfg = Invalid|Win32
		{68F0D0D6-FB19-4B52-AAA0-6F411FD5321B}.Development Editor|Win32.ActiveCfg = Invalid|Win32
		{68F0D0D6-FB19-4B52-AAA0-6F411FD5321B}.Development Editor|Win64.ActiveCfg = Development_Editor|x64
		{68F0D0D6-FB19-4B52-AAA0-6F411FD5321B}.Development Editor|Win64.Build.0 = Development_Editor|x64
		{68F0D0D6-FB19-4B52-AAA0-6F411FD5321B}.Development Editor|x64.ActiveCfg = Development|x64
		{68F0D0D6-FB19-4B52-AAA0-6F411FD5321B}.Development|HTML5.ActiveCfg = HTML5_Development|Win32
		{68F0D0D6-FB19-4B52-AAA0-6F411FD5321B}.Development|HTML5.Build.0 = HTML5_Development|Win32
		{68F0D0D6-FB19-4B52-AAA0-6F411FD5321B}.Development|Win32.ActiveCfg = Development|Win32
		{68F0D0D6-FB19-4B52-AAA0-6F411FD5321B}.Development|Win32.Build.0 = Development|Win32
		{68F0D0D6-FB19-4B52-AAA0-6F411FD5321B}.Development|Win64.ActiveCfg = Development_Editor|x64
		{68F0D0D6-FB19-4B52-AAA0-6F411FD5321B}.Development|Win64.Build.0 = Development_Editor|x64
		{68F0D0D6-FB19-4B52-AAA0-6F411FD5321B}.Development|x64.ActiveCfg = Development|x64
		{68F0D0D6-FB19-4B52-AAA0-6F411FD5321B}.Release|HTML5.ActiveCfg = Shipping|x64
		{68F0D0D6-FB19-4B52-AAA0-6F411FD5321B}.Release|Win32.ActiveCfg = Shipping|Win32
		{68F0D0D6-FB19-4B52-AAA0-6F411FD5321B}.Release|Win64.ActiveCfg = Shipping|x64
		{68F0D0D6-FB19-4B52-AAA0-6F411FD5321B}.Release|x64.ActiveCfg = Shipping|x64
		{68F0D0D6-FB19-4B52-AAA0-6F411FD5321B}.Shipping|HTML5.ActiveCfg = HTML5_Shipping|Win32
		{68F0D0D6-FB19-4B52-AAA0-6F411FD5321B}.Shipping|HTML5.Build.0 = HTML5_Shipping|Win32
		{68F0D0D6-FB19-4B52-AAA0-6F411FD5321B}.Shipping|Win32.ActiveCfg = Shipping|Win32
		{68F0D0D6-FB19-4B52-AAA0-6F411FD5321B}.Shipping|Win32.Build.0 = Shipping|Win32
		{68F0D0D6-FB19-4B52-AAA0-6F411FD5321B}.Shipping|Win64.ActiveCfg = Shipping|x64
		{68F0D0D6-FB19-4B52-AAA0-6F411FD5321B}.Shipping|Win64.Build.0 = Shipping|x64
		{68F0D0D6-FB19-4B52-AAA0-6F411FD5321B}.Shipping|x64.ActiveCfg = Shipping|x64
	EndGlobalSection
	GlobalSection(SolutionProperties) = preSolution
		HideSolutionNode = FALSE
	EndGlobalSection
	GlobalSection(NestedProjects) = preSolution
		{E6BDFDA3-F497-42A1-9837-349E901D11C2} = {2376DCAC-E8D6-49C7-918A-03FF1CD3B945}
		{68F0D0D6-FB19-4B52-AAA0-6F411FD5321B} = {DB8B88FE-977A-449E-8EB6-534DF86B34D8}
	EndGlobalSection
	GlobalSection(ExtensibilityGlobals) = postSolution
		SolutionGuid = {E5B5D68D-1C78-4264-BCA3-40F1B1968931}
	EndGlobalSection
EndGlobal
